<?xml version="1.0" encoding="utf-8"?>
<Project ToolsVersion="4.0" xmlns="http://schemas.microsoft.com/developer/msbuild/2003">
  <ItemGroup>
    <ClCompile Include="main.cpp" />
    <ClCompile Include="libs\cpp-sfml-app-base-class\sfml-base-class\SFMLApplicationBase.cpp">
      <Filter>libraries\sfml-app-base-class</Filter>
    </ClCompile>
    <ClCompile Include="libs\charbrary-2.0.0\single-include\charbrary.cpp">
      <Filter>libraries\charbrary</Filter>
    </ClCompile>
    <ClCompile Include="libs\cpp-sfml-app-base-class\sfml-base-class\ExampleApplication.cpp">
      <Filter>libraries\sfml-app-base-class</Filter>
    </ClCompile>
  </ItemGroup>
  <ItemGroup>
    <Filter Include="libraries">
      <UniqueIdentifier>{6b36b6df-8f22-418e-ac4d-c833828ed275}</UniqueIdentifier>
    </Filter>
    <Filter Include="libraries\charbrary">
      <UniqueIdentifier>{dd75d9ba-0a4f-4f05-8eb6-7be8ff3a2fab}</UniqueIdentifier>
    </Filter>
    <Filter Include="libraries\sfml-app-base-class">
      <UniqueIdentifier>{9d43b42d-022c-4da1-b408-e6ade35d6e1d}</UniqueIdentifier>
    </Filter>
  </ItemGroup>
  <ItemGroup>
    <ClInclude Include="libs\cpp-sfml-app-base-class\sfml-base-class\SFMLApplicationBase.h">
      <Filter>libraries\sfml-app-base-class</Filter>
    </ClInclude>
    <ClInclude Include="libs\charbrary-2.0.0\single-include\charbrary.h">
      <Filter>libraries\charbrary</Filter>
    </ClInclude>
    <ClInclude Include="libs\cpp-sfml-app-base-class\sfml-base-class\ExampleApplication.h">
      <Filter>libraries\sfml-app-base-class</Filter>
    </ClInclude>
  </ItemGroup>
</Project>