<?xml version="1.0" encoding="utf-8"?>
<Project ToolsVersion="4.0" xmlns="http://schemas.microsoft.com/developer/msbuild/2003">
  <ItemGroup>
    <ClCompile Include="main.cpp" />
    <ClCompile Include="libs\charbrary-2.0.0\single-include\charbrary.cpp">
      <Filter>charbrary</Filter>
    </ClCompile>
    <ClCompile Include="MainMenuApplication.cpp" />
    <ClCompile Include="SFMLApplicationBase.cpp" />
    <ClCompile Include="Button.cpp" />
    <ClCompile Include="Label.cpp" />
    <ClCompile Include="get_default_font.cpp" />
    <ClCompile Include="BallisticSimulationApp.cpp" />
    <ClCompile Include="CollisionSimulationApp.cpp" />
    <ClCompile Include="ProjectileLauncher.cpp" />
    <ClCompile Include="DraggableCircle.cpp" />
    <ClCompile Include="LauncherSling.cpp" />
    <ClCompile Include="utils.cpp" />
    <ClCompile Include="CircleRigidBody.cpp" />
    <ClCompile Include="ConfigurableCircle.cpp" />
    <ClCompile Include="ScaleIcon.cpp" />
    <ClCompile Include="TargetSlider.cpp" />
    <ClCompile Include="FadingText.cpp" />
    <ClCompile Include="WindPicker.cpp" />
    <ClCompile Include="VectorArrow.cpp" />
    <ClCompile Include="get_application_icon_image.cpp" />
  </ItemGroup>
  <ItemGroup>
    <Filter Include="charbrary">
      <UniqueIdentifier>{6b36b6df-8f22-418e-ac4d-c833828ed275}</UniqueIdentifier>
    </Filter>
  </ItemGroup>
  <ItemGroup>
    <ClInclude Include="libs\charbrary-2.0.0\single-include\charbrary.h">
      <Filter>charbrary</Filter>
    </ClInclude>
    <ClInclude Include="MainMenuApplication.h" />
    <ClInclude Include="SFMLApplicationBase.h" />
    <ClInclude Include="Button.h" />
    <ClInclude Include="Label.h" />
    <ClInclude Include="get_default_font.h" />
    <ClInclude Include="color_palette.h" />
    <ClInclude Include="BallisticSimulationApp.h" />
    <ClInclude Include="CollisionSimulationApp.h" />
    <ClInclude Include="ProjectileLauncher.h" />
    <ClInclude Include="DraggableCircle.h" />
    <ClInclude Include="LauncherSling.h" />
    <ClInclude Include="constants.h" />
    <ClInclude Include="utils.h" />
    <ClInclude Include="CircleRigidBody.h" />
    <ClInclude Include="ConfigurableCircle.h" />
    <ClInclude Include="ScaleIcon.h" />
    <ClInclude Include="TargetSlider.h" />
    <ClInclude Include="FadingText.h" />
    <ClInclude Include="WindPicker.h" />
    <ClInclude Include="VectorArrow.h" />
    <ClInclude Include="SFMLApplicationSettings.h" />
    <ClInclude Include="get_application_icon_image.h" />
  </ItemGroup>
</Project>